
Microsoft Visual Studio Solution File, Format Version 12.00
# Visual Studio Version 16
VisualStudioVersion = 16.0.29324.140
MinimumVisualStudioVersion = 10.0.40219.1
Project("{FAE04EC0-301F-11D3-BF4B-00C04F79EFBC}") = "QuickPay", "QuickPay\QuickPay.csproj", "{B341BE76-F251-4E0A-A4F1-FFAAC4ECDFBB}"
EndProject
Project("{FAE04EC0-301F-11D3-BF4B-00C04F79EFBC}") = "BDMS Wrapper", "BDMS Wrapper\BDMS Wrapper.csproj", "{172D5965-0C38-459F-BDD9-69F17897357E}"
EndProject
Global
	GlobalSection(SolutionConfigurationPlatforms) = preSolution
		Debug|Any CPU = Debug|Any CPU
		Release|Any CPU = Release|Any CPU
	EndGlobalSection
	GlobalSection(ProjectConfigurationPlatforms) = postSolution
		{B341BE76-F251-4E0A-A4F1-FFAAC4ECDFBB}.Debug|Any CPU.ActiveCfg = Debug|Any CPU
		{B341BE76-F251-4E0A-A4F1-FFAAC4ECDFBB}.Debug|Any CPU.Build.0 = Debug|Any CPU
		{B341BE76-F251-4E0A-A4F1-FFAAC4ECDFBB}.Release|Any CPU.ActiveCfg = Release|Any CPU
		{B341BE76-F251-4E0A-A4F1-FFAAC4ECDFBB}.Release|Any CPU.Build.0 = Release|Any CPU
		{172D5965-0C38-459F-BDD9-69F17897357E}.Debug|Any CPU.ActiveCfg = Debug|Any CPU
		{172D5965-0C38-459F-BDD9-69F17897357E}.Debug|Any CPU.Build.0 = Debug|Any CPU
		{172D5965-0C38-459F-BDD9-69F17897357E}.Release|Any CPU.ActiveCfg = Release|Any CPU
		{172D5965-0C38-459F-BDD9-69F17897357E}.Release|Any CPU.Build.0 = Release|Any CPU
	EndGlobalSection
	GlobalSection(SolutionProperties) = preSolution
		HideSolutionNode = FALSE
	EndGlobalSection
	GlobalSection(ExtensibilityGlobals) = postSolution
		SolutionGuid = {21F1850F-F61C-4679-9EAF-7D37965867DC}
	EndGlobalSection
EndGlobal
